// !$*UTF8*$!
{
	archiveVersion = 1;
	classes = {
	};
	objectVersion = 46;
	objects = {

/* Begin PBXBuildFile section */
		998802B31E590A6A00C807DA /* AppDelegate.swift in Sources */ = {isa = PBXBuildFile; fileRef = 998802B21E590A6A00C807DA /* AppDelegate.swift */; };
		998802B51E590A6A00C807DA /* ViewController.swift in Sources */ = {isa = PBXBuildFile; fileRef = 998802B41E590A6A00C807DA /* ViewController.swift */; };
		998802B81E590A6A00C807DA /* Main.storyboard in Resources */ = {isa = PBXBuildFile; fileRef = 998802B61E590A6A00C807DA /* Main.storyboard */; };
		998802BB1E590A6A00C807DA /* CoreDataModelHelper.xcdatamodeld in Sources */ = {isa = PBXBuildFile; fileRef = 998802B91E590A6A00C807DA /* CoreDataModelHelper.xcdatamodeld */; };
		998802BD1E590A6A00C807DA /* Assets.xcassets in Resources */ = {isa = PBXBuildFile; fileRef = 998802BC1E590A6A00C807DA /* Assets.xcassets */; };
		998802C01E590A6A00C807DA /* LaunchScreen.storyboard in Resources */ = {isa = PBXBuildFile; fileRef = 998802BE1E590A6A00C807DA /* LaunchScreen.storyboard */; };
/* End PBXBuildFile section */

/* Begin PBXFileReference section */
		998802AF1E590A6A00C807DA /* CoreDataModelHelper.app */ = {isa = PBXFileReference; explicitFileType = wrapper.application; includeInIndex = 0; path = CoreDataModelHelper.app; sourceTree = BUILT_PRODUCTS_DIR; };
		998802B21E590A6A00C807DA /* AppDelegate.swift */ = {isa = PBXFileReference; lastKnownFileType = sourcecode.swift; path = AppDelegate.swift; sourceTree = "<group>"; };
		998802B41E590A6A00C807DA /* ViewController.swift */ = {isa = PBXFileReference; lastKnownFileType = sourcecode.swift; path = ViewController.swift; sourceTree = "<group>"; };
		998802B71E590A6A00C807DA /* Base */ = {isa = PBXFileReference; lastKnownFileType = file.storyboard; name = Base; path = Base.lproj/Main.storyboard; sourceTree = "<group>"; };
		998802BA1E590A6A00C807DA /* CoreDataModelHelper.xcdatamodel */ = {isa = PBXFileReference; lastKnownFileType = wrapper.xcdatamodel; path = CoreDataModelHelper.xcdatamodel; sourceTree = "<group>"; };
		998802BC1E590A6A00C807DA /* Assets.xcassets */ = {isa = PBXFileReference; lastKnownFileType = folder.assetcatalog; path = Assets.xcassets; sourceTree = "<group>"; };
		998802BF1E590A6A00C807DA /* Base */ = {isa = PBXFileReference; lastKnownFileType = file.storyboard; name = Base; path = Base.lproj/LaunchScreen.storyboard; sourceTree = "<group>"; };
		998802C11E590A6A00C807DA /* Info.plist */ = {isa = PBXFileReference; lastKnownFileType = text.plist.xml; path = Info.plist; sourceTree = "<group>"; };
/* End PBXFileReference section */

/* Begin PBXFrameworksBuildPhase section */
		998802AC1E590A6A00C807DA /* Frameworks */ = {
			isa = PBXFrameworksBuildPhase;
			buildActionMask = 2147483647;
			files = (
			);
			runOnlyForDeploymentPostprocessing = 0;
		};
/* End PBXFrameworksBuildPhase section */

/* Begin PBXGroup section */
		998802A61E590A6A00C807DA = {
			isa = PBXGroup;
			children = (
				998802B11E590A6A00C807DA /* CoreDataModelHelper */,
				998802B01E590A6A00C807DA /* Products */,
			);
			sourceTree = "<group>";
		};
		998802B01E590A6A00C807DA /* Products */ = {
			isa = PBXGroup;
			children = (
				998802AF1E590A6A00C807DA /* CoreDataModelHelper.app */,
			);
			name = Products;
			sourceTree = "<group>";
		};
		998802B11E590A6A00C807DA /* CoreDataModelHelper */ = {
			isa = PBXGroup;
			children = (
				998802B21E590A6A00C807DA /* AppDelegate.swift */,
				998802B41E590A6A00C807DA /* ViewController.swift */,
				998802B61E590A6A00C807DA /* Main.storyboard */,
				998802BC1E590A6A00C807DA /* Assets.xcassets */,
				998802BE1E590A6A00C807DA /* LaunchScreen.storyboard */,
				998802C11E590A6A00C807DA /* Info.plist */,
				998802B91E590A6A00C807DA /* CoreDataModelHelper.xcdatamodeld */,
			);
			path = CoreDataModelHelper;
			sourceTree = "<group>";
		};
/* End PBXGroup section */

/* Begin PBXNativeTarget section */
		998802AE1E590A6A00C807DA /* CoreDataModelHelper */ = {
			isa = PBXNativeTarget;
			buildConfigurationList = 998802C41E590A6A00C807DA /* Build configuration list for PBXNativeTarget "CoreDataModelHelper" */;
			buildPhases = (
				998802AB1E590A6A00C807DA /* Sources */,
				998802AC1E590A6A00C807DA /* Frameworks */,
				998802AD1E590A6A00C807DA /* Resources */,
			);
			buildRules = (
			);
			dependencies = (
			);
			name = CoreDataModelHelper;
			productName = CoreDataModelHelper;
			productReference = 998802AF1E590A6A00C807DA /* CoreDataModelHelper.app */;
			productType = "com.apple.product-type.application";
		};
/* End PBXNativeTarget section */

/* Begin PBXProject section */
		998802A71E590A6A00C807DA /* Project object */ = {
			isa = PBXProject;
			attributes = {
				LastSwiftUpdateCheck = 0820;
				LastUpgradeCheck = 0820;
				ORGANIZATIONNAME = "Diego Freniche Brito";
				TargetAttributes = {
					998802AE1E590A6A00C807DA = {
						CreatedOnToolsVersion = 8.2.1;
						DevelopmentTeam = 722SF2V9RH;
						ProvisioningStyle = Automatic;
					};
				};
			};
			buildConfigurationList = 998802AA1E590A6A00C807DA /* Build configuration list for PBXProject "CoreDataModelHelper" */;
			compatibilityVersion = "Xcode 3.2";
			developmentRegion = English;
			hasScannedForEncodings = 0;
			knownRegions = (
				en,
				Base,
			);
			mainGroup = 998802A61E590A6A00C807DA;
			productRefGroup = 998802B01E590A6A00C807DA /* Products */;
			projectDirPath = "";
			projectRoot = "";
			targets = (
				998802AE1E590A6A00C807DA /* CoreDataModelHelper */,
			);
		};
/* End PBXProject section */

/* Begin PBXResourcesBuildPhase section */
		998802AD1E590A6A00C807DA /* Resources */ = {
			isa = PBXResourcesBuildPhase;
			buildActionMask = 2147483647;
			files = (
				998802C01E590A6A00C807DA /* LaunchScreen.storyboard in Resources */,
				998802BD1E590A6A00C807DA /* Assets.xcassets in Resources */,
				998802B81E590A6A00C807DA /* Main.storyboard in Resources */,
			);
			runOnlyForDeploymentPostprocessing = 0;
		};
/* End PBXResourcesBuildPhase section */

/* Begin PBXSourcesBuildPhase section */
		998802AB1E590A6A00C807DA /* Sources */ = {
			isa = PBXSourcesBuildPhase;
			buildActionMask = 2147483647;
			files = (
				998802B51E590A6A00C807DA /* ViewController.swift in Sources */,
				998802BB1E590A6A00C807DA /* CoreDataModelHelper.xcdatamodeld in Sources */,
				998802B31E590A6A00C807DA /* AppDelegate.swift in Sources */,
			);
			runOnlyForDeploymentPostprocessing = 0;
		};
/* End PBXSourcesBuildPhase section */

/* Begin PBXVariantGroup section */
		998802B61E590A6A00C807DA /* Main.storyboard */ = {
			isa = PBXVariantGroup;
			children = (
				998802B71E590A6A00C807DA /* Base */,
			);
			name = Main.storyboard;
			sourceTree = "<group>";
		};
		998802BE1E590A6A00C807DA /* LaunchScreen.storyboard */ = {
			isa = PBXVariantGroup;
			children = (
				998802BF1E590A6A00C807DA /* Base */,
			);
			name = LaunchScreen.storyboard;
			sourceTree = "<group>";
		};
/* End PBXVariantGroup section */

/* Begin XCBuildConfiguration section */
		998802C21E590A6A00C807DA /* Debug */ = {
			isa = XCBuildConfiguration;
			buildSettings = {
				ALWAYS_SEARCH_USER_PATHS = NO;
				CLANG_ANALYZER_NONNULL = YES;
				CLANG_CXX_LANGUAGE_STANDARD = "gnu++0x";
				CLANG_CXX_LIBRARY = "libc++";
				CLANG_ENABLE_MODULES = YES;
				CLANG_ENABLE_OBJC_ARC = YES;
				CLANG_WARN_BOOL_CONVERSION = YES;
				CLANG_WARN_CONSTANT_CONVERSION = YES;
				CLANG_WARN_DIRECT_OBJC_ISA_USAGE = YES_ERROR;
				CLANG_WARN_DOCUMENTATION_COMMENTS = YES;
				CLANG_WARN_EMPTY_BODY = YES;
				CLANG_WARN_ENUM_CONVERSION = YES;
				CLANG_WARN_INFINITE_RECURSION = YES;
				CLANG_WARN_INT_CONVERSION = YES;
				CLANG_WARN_OBJC_ROOT_CLASS = YES_ERROR;
				CLANG_WARN_SUSPICIOUS_MOVE = YES;
				CLANG_WARN_UNREACHABLE_CODE = YES;
				CLANG_WARN__DUPLICATE_METHOD_MATCH = YES;
				"CODE_SIGN_IDENTITY[sdk=iphoneos*]" = "iPhone Developer";
				COPY_PHASE_STRIP = NO;
				DEBUG_INFORMATION_FORMAT = dwarf;
				ENABLE_STRICT_OBJC_MSGSEND = YES;
				ENABLE_TESTABILITY = YES;
				GCC_C_LANGUAGE_STANDARD = gnu99;
				GCC_DYNAMIC_NO_PIC = NO;
				GCC_NO_COMMON_BLOCKS = YES;
				GCC_OPTIMIZATION_LEVEL = 0;
				GCC_PREPROCESSOR_DEFINITIONS = (
					"DEBUG=1",
					"$(inherited)",
				);
				GCC_WARN_64_TO_32_BIT_CONVERSION = YES;
				GCC_WARN_ABOUT_RETURN_TYPE = YES_ERROR;
				GCC_WARN_UNDECLARED_SELECTOR = YES;
				GCC_WARN_UNINITIALIZED_AUTOS = YES_AGGRESSIVE;
				GCC_WARN_UNUSED_FUNCTION = YES;
				GCC_WARN_UNUSED_VARIABLE = YES;
				IPHONEOS_DEPLOYMENT_TARGET = 10.2;
				MTL_ENABLE_DEBUG_INFO = YES;
				ONLY_ACTIVE_ARCH = YES;
				SDKROOT = iphoneos;
				SWIFT_ACTIVE_COMPILATION_CONDITIONS = DEBUG;
				SWIFT_OPTIMIZATION_LEVEL = "-Onone";
			};
			name = Debug;
		};
		998802C31E590A6A00C807DA /* Release */ = {
			isa = XCBuildConfiguration;
			buildSettings = {
				ALWAYS_SEARCH_USER_PATHS = NO;
				CLANG_ANALYZER_NONNULL = YES;
				CLANG_CXX_LANGUAGE_STANDARD = "gnu++0x";
				CLANG_CXX_LIBRARY = "libc++";
				CLANG_ENABLE_MODULES = YES;
				CLANG_ENABLE_OBJC_ARC = YES;
				CLANG_WARN_BOOL_CONVERSION = YES;
				CLANG_WARN_CONSTANT_CONVERSION = YES;
				CLANG_WARN_DIRECT_OBJC_ISA_USAGE = YES_ERROR;
				CLANG_WARN_DOCUMENTATION_COMMENTS = YES;
				CLANG_WARN_EMPTY_BODY = YES;
				CLANG_WARN_ENUM_CONVERSION = YES;
				CLANG_WARN_INFINITE_RECURSION = YES;
				CLANG_WARN_INT_CONVERSION = YES;
				CLANG_WARN_OBJC_ROOT_CLASS = YES_ERROR;
				CLANG_WARN_SUSPICIOUS_MOVE = YES;
				CLANG_WARN_UNREACHABLE_CODE = YES;
				CLANG_WARN__DUPLICATE_METHOD_MATCH = YES;
				"CODE_SIGN_IDENTITY[sdk=iphoneos*]" = "iPhone Developer";
				COPY_PHASE_STRIP = NO;
				DEBUG_INFORMATION_FORMAT = "dwarf-with-dsym";
				ENABLE_NS_ASSERTIONS = NO;
				ENABLE_STRICT_OBJC_MSGSEND = YES;
				GCC_C_LANGUAGE_STANDARD = gnu99;
				GCC_NO_COMMON_BLOCKS = YES;
				GCC_WARN_64_TO_32_BIT_CONVERSION = YES;
				GCC_WARN_ABOUT_RETURN_TYPE = YES_ERROR;
				GCC_WARN_UNDECLARED_SELECTOR = YES;
				GCC_WARN_UNINITIALIZED_AUTOS = YES_AGGRESSIVE;
				GCC_WARN_UNUSED_FUNCTION = YES;
				GCC_WARN_UNUSED_VARIABLE = YES;
				IPHONEOS_DEPLOYMENT_TARGET = 10.2;
				MTL_ENABLE_DEBUG_INFO = NO;
				SDKROOT = iphoneos;
				SWIFT_OPTIMIZATION_LEVEL = "-Owholemodule";
				VALIDATE_PRODUCT = YES;
			};
			name = Release;
		};
		998802C51E590A6A00C807DA /* Debug */ = {
			isa = XCBuildConfiguration;
			buildSettings = {
				ASSETCATALOG_COMPILER_APPICON_NAME = AppIcon;
				DEVELOPMENT_TEAM = 722SF2V9RH;
				INFOPLIST_FILE = CoreDataModelHelper/Info.plist;
				LD_RUNPATH_SEARCH_PATHS = "$(inherited) @executable_path/Frameworks";
				PRODUCT_BUNDLE_IDENTIFIER = com.freniche.CoreDataModelHelper;
				PRODUCT_NAME = "$(TARGET_NAME)";
				SWIFT_VERSION = 3.0;
			};
			name = Debug;
		};
		998802C61E590A6A00C807DA /* Release */ = {
			isa = XCBuildConfiguration;
			buildSettings = {
				ASSETCATALOG_COMPILER_APPICON_NAME = AppIcon;
				DEVELOPMENT_TEAM = 722SF2V9RH;
				INFOPLIST_FILE = CoreDataModelHelper/Info.plist;
				LD_RUNPATH_SEARCH_PATHS = "$(inherited) @executable_path/Frameworks";
				PRODUCT_BUNDLE_IDENTIFIER = com.freniche.CoreDataModelHelper;
				PRODUCT_NAME = "$(TARGET_NAME)";
				SWIFT_VERSION = 3.0;
			};
			name = Release;
		};
/* End XCBuildConfiguration section */

/* Begin XCConfigurationList section */
		998802AA1E590A6A00C807DA /* Build configuration list for PBXProject "CoreDataModelHelper" */ = {
			isa = XCConfigurationList;
			buildConfigurations = (
				998802C21E590A6A00C807DA /* Debug */,
				998802C31E590A6A00C807DA /* Release */,
			);
			defaultConfigurationIsVisible = 0;
			defaultConfigurationName = Release;
		};
		998802C41E590A6A00C807DA /* Build configuration list for PBXNativeTarget "CoreDataModelHelper" */ = {
			isa = XCConfigurationList;
			buildConfigurations = (
				998802C51E590A6A00C807DA /* Debug */,
				998802C61E590A6A00C807DA /* Release */,
			);
			defaultConfigurationIsVisible = 0;
		};
/* End XCConfigurationList section */

/* Begin XCVersionGroup section */
		998802B91E590A6A00C807DA /* CoreDataModelHelper.xcdatamodeld */ = {
			isa = XCVersionGroup;
			children = (
				998802BA1E590A6A00C807DA /* CoreDataModelHelper.xcdatamodel */,
			);
			currentVersion = 998802BA1E590A6A00C807DA /* CoreDataModelHelper.xcdatamodel */;
			path = CoreDataModelHelper.xcdatamodeld;
			sourceTree = "<group>";
			versionGroupType = wrapper.xcdatamodel;
		};
/* End XCVersionGroup section */
	};
	rootObject = 998802A71E590A6A00C807DA /* Project object */;
}
